
Microsoft Visual Studio Solution File, Format Version 12.00
# Visual Studio Version 17
VisualStudioVersion = 17.5.33414.496
MinimumVisualStudioVersion = 10.0.40219.1
Project("{FAE04EC0-301F-11D3-BF4B-00C04F79EFBC}") = "MVC-model", "MVC-model\MVC-model.csproj", "{77034F52-145C-4ABA-A93D-F742A420892C}"
EndProject
Global
	GlobalSection(SolutionConfigurationPlatforms) = preSolution
		Debug|Any CPU = Debug|Any CPU
		Release|Any CPU = Release|Any CPU
	EndGlobalSection
	GlobalSection(ProjectConfigurationPlatforms) = postSolution
		{77034F52-145C-4ABA-A93D-F742A420892C}.Debug|Any CPU.ActiveCfg = Debug|Any CPU
		{77034F52-145C-4ABA-A93D-F742A420892C}.Debug|Any CPU.Build.0 = Debug|Any CPU
		{77034F52-145C-4ABA-A93D-F742A420892C}.Release|Any CPU.ActiveCfg = Release|Any CPU
		{77034F52-145C-4ABA-A93D-F742A420892C}.Release|Any CPU.Build.0 = Release|Any CPU
	EndGlobalSection
	GlobalSection(SolutionProperties) = preSolution
		HideSolutionNode = FALSE
	EndGlobalSection
	GlobalSection(ExtensibilityGlobals) = postSolution
		SolutionGuid = {CAED14AA-BCD8-4784-8C8A-AC6AD26DEA71}
	EndGlobalSection
EndGlobal
